Microsoft Visual Studio Solution File, Format Version 12.00
# Visual Studio 2012
Project("{2150E333-8FDC-42A3-9474-1A3956D46DE8}") = "Solution Items", "Solution Items", "{0EA8CFB4-8075-4550-9D72-56F79667ED05}"
	ProjectSection(SolutionItems) = preProject
		Enhancements.txt = Enhancements.txt
		Local.testsettings = Local.testsettings
		MtHoodMiata.vsmdi = MtHoodMiata.vsmdi
		TraceAndTestImpact.testsettings = TraceAndTestImpact.testsettings
	EndProjectSection
EndProject
Project("{FAE04EC0-301F-11D3-BF4B-00C04F79EFBC}") = "MtHoodMiata.Web", "MtHoodMiata.Web\MtHoodMiata.Web.csproj", "{D30B2DA3-FB25-4A9A-8F38-5355A8490702}"
EndProject
Project("{FAE04EC0-301F-11D3-BF4B-00C04F79EFBC}") = "MtHoodMiata.Web.Tests", "MtHoodMiata.Web.Tests\MtHoodMiata.Web.Tests.csproj", "{BB5E426A-25A2-4023-93BF-554ACF3A917B}"
EndProject
Global
	GlobalSection(TestCaseManagementSettings) = postSolution
		CategoryFile = MtHoodMiata.vsmdi
	EndGlobalSection
	GlobalSection(SolutionConfigurationPlatforms) = preSolution
		Debug|Any CPU = Debug|Any CPU
		Release|Any CPU = Release|Any CPU
	EndGlobalSection
	GlobalSection(ProjectConfigurationPlatforms) = postSolution
		{D30B2DA3-FB25-4A9A-8F38-5355A8490702}.Debug|Any CPU.ActiveCfg = Debug|Any CPU
		{D30B2DA3-FB25-4A9A-8F38-5355A8490702}.Debug|Any CPU.Build.0 = Debug|Any CPU
		{D30B2DA3-FB25-4A9A-8F38-5355A8490702}.Release|Any CPU.ActiveCfg = Release|Any CPU
		{D30B2DA3-FB25-4A9A-8F38-5355A8490702}.Release|Any CPU.Build.0 = Release|Any CPU
		{BB5E426A-25A2-4023-93BF-554ACF3A917B}.Debug|Any CPU.ActiveCfg = Debug|Any CPU
		{BB5E426A-25A2-4023-93BF-554ACF3A917B}.Debug|Any CPU.Build.0 = Debug|Any CPU
		{BB5E426A-25A2-4023-93BF-554ACF3A917B}.Release|Any CPU.ActiveCfg = Release|Any CPU
		{BB5E426A-25A2-4023-93BF-554ACF3A917B}.Release|Any CPU.Build.0 = Release|Any CPU
	EndGlobalSection
	GlobalSection(SolutionProperties) = preSolution
		HideSolutionNode = FALSE
	EndGlobalSection
EndGlobal
